
Microsoft Visual Studio Solution File, Format Version 12.00
# Visual Studio Version 16
VisualStudioVersion = 16.0.30104.148
MinimumVisualStudioVersion = 10.0.40219.1
Project("{9A19103F-16F7-4668-BE54-9A1E7A4F7556}") = "TeamServer", "TeamServer\TeamServer.csproj", "{FEECD619-670E-4BCA-AB45-F32949D8B3C3}"
EndProject
Project("{9A19103F-16F7-4668-BE54-9A1E7A4F7556}") = "TeamServer.Tests", "TeamServer.Tests\TeamServer.Tests.csproj", "{9944F742-2C04-4D10-92AC-6733D5028CC9}"
EndProject
Project("{D954291E-2A0B-460D-934E-DC6B0785DB48}") = "Common", "TeamServer\Agents\Common\Common.shproj", "{0FD85EB4-6164-4029-B42C-0AD8AE9FC8C3}"
EndProject
Project("{2150E333-8FDC-42A3-9474-1A3956D46DE8}") = "Agents", "Agents", "{6CE68D0A-2F0E-4F8E-8AE7-AC447281F973}"
EndProject
Project("{2150E333-8FDC-42A3-9474-1A3956D46DE8}") = "AgentModules", "AgentModules", "{336F4D98-755B-4849-B94D-E3A6ED856A12}"
EndProject
Project("{D954291E-2A0B-460D-934E-DC6B0785DB48}") = "Shared", "Shared\Shared.shproj", "{AFFE0816-B2F1-42EA-98C8-7C24A1DB7B34}"
EndProject
Project("{9A19103F-16F7-4668-BE54-9A1E7A4F7556}") = "Client", "Client\Client.csproj", "{1C874B5D-7269-4B8D-8711-CE26A35A4646}"
EndProject
Project("{2150E333-8FDC-42A3-9474-1A3956D46DE8}") = "TestArtefacts", "TestArtefacts", "{BC79BDE6-64C8-43F5-855B-F1D120FBFA84}"
EndProject
Project("{8BC9CEB8-8B4A-11D0-8D11-00A0C91BC942}") = "NativeDll", "TestArtefacts\NativeDll\NativeDll.vcxproj", "{DF944B63-B569-4871-AC55-5243B31C3F5D}"
EndProject
Project("{8BC9CEB8-8B4A-11D0-8D11-00A0C91BC942}") = "NativeExe", "TestArtefacts\NativeExe\NativeExe.vcxproj", "{4E1FAFEE-7531-49E2-B84E-1AF10946194E}"
EndProject
Project("{FAE04EC0-301F-11D3-BF4B-00C04F79EFBC}") = "DotNetExe", "TestArtefacts\DotNetExe\DotNetExe.csproj", "{62B9EE4F-1436-4098-9BC1-DD61B42D8B81}"
EndProject
Project("{FAE04EC0-301F-11D3-BF4B-00C04F79EFBC}") = "DotNetDll", "TestArtefacts\DotNetDll\DotNetDll.csproj", "{D2F17A91-EB2D-4373-90BF-A26E46C68F76}"
EndProject
Project("{D954291E-2A0B-460D-934E-DC6B0785DB48}") = "StagerCore", "TeamServer\Agents\StagerCore\StagerCore.shproj", "{A1930A95-E6A2-44ED-A4EF-4769D8001C9D}"
EndProject
Project("{2150E333-8FDC-42A3-9474-1A3956D46DE8}") = "Stagers", "Stagers", "{23227B56-10D2-4AE7-AB83-DE3C2AC0B223}"
EndProject
Project("{FAE04EC0-301F-11D3-BF4B-00C04F79EFBC}") = "HTTPStager", "TeamServer\Agents\HTTPStager\HTTPStager.csproj", "{A9DB9FCC-7502-42CD-81EC-3CD66F511346}"
EndProject
Project("{FAE04EC0-301F-11D3-BF4B-00C04F79EFBC}") = "AgentStage", "TeamServer\Agents\AgentStage\AgentStage.csproj", "{4D8C2A88-1DA5-4ABE-8995-6606473D7CF1}"
EndProject
Project("{FAE04EC0-301F-11D3-BF4B-00C04F79EFBC}") = "TCPStager", "TeamServer\Agents\TCPStager\TCPStager.csproj", "{CA6CC2EE-75FD-4F00-B687-917FA55A4FAE}"
EndProject
Project("{FAE04EC0-301F-11D3-BF4B-00C04F79EFBC}") = "SMBStager", "TeamServer\Agents\SMBStager\SMBStager.csproj", "{A1167B68-446B-4C0C-A8B8-2A7278B67511}"
EndProject
Global
	GlobalSection(SharedMSBuildProjectFiles) = preSolution
		TeamServer\Agents\Common\Common.projitems*{0fd85eb4-6164-4029-b42c-0ad8ae9fc8c3}*SharedItemsImports = 13
		TeamServer\Agents\Common\Common.projitems*{1c874b5d-7269-4b8d-8711-ce26a35a4646}*SharedItemsImports = 5
		TeamServer\Agents\StagerCore\StagerCore.projitems*{a1167b68-446b-4c0c-a8b8-2a7278b67511}*SharedItemsImports = 4
		TeamServer\Agents\StagerCore\StagerCore.projitems*{a1930a95-e6a2-44ed-a4ef-4769d8001c9d}*SharedItemsImports = 13
		TeamServer\Agents\StagerCore\StagerCore.projitems*{a9db9fcc-7502-42cd-81ec-3cd66f511346}*SharedItemsImports = 4
		Shared\SharpC2API.projitems*{affe0816-b2f1-42ea-98c8-7c24a1db7b34}*SharedItemsImports = 13
		TeamServer\Agents\StagerCore\StagerCore.projitems*{ca6cc2ee-75fd-4f00-b687-917fa55a4fae}*SharedItemsImports = 4
		TeamServer\Agents\Common\Common.projitems*{feecd619-670e-4bca-ab45-f32949d8b3c3}*SharedItemsImports = 5
	EndGlobalSection
	GlobalSection(SolutionConfigurationPlatforms) = preSolution
		Debug|Any CPU = Debug|Any CPU
		Debug|x64 = Debug|x64
		Debug|x86 = Debug|x86
		Release|Any CPU = Release|Any CPU
		Release|x64 = Release|x64
		Release|x86 = Release|x86
	EndGlobalSection
	GlobalSection(ProjectConfigurationPlatforms) = postSolution
		{FEECD619-670E-4BCA-AB45-F32949D8B3C3}.Debug|Any CPU.ActiveCfg = Debug|Any CPU
		{FEECD619-670E-4BCA-AB45-F32949D8B3C3}.Debug|Any CPU.Build.0 = Debug|Any CPU
		{FEECD619-670E-4BCA-AB45-F32949D8B3C3}.Debug|x64.ActiveCfg = Debug|Any CPU
		{FEECD619-670E-4BCA-AB45-F32949D8B3C3}.Debug|x64.Build.0 = Debug|Any CPU
		{FEECD619-670E-4BCA-AB45-F32949D8B3C3}.Debug|x86.ActiveCfg = Debug|Any CPU
		{FEECD619-670E-4BCA-AB45-F32949D8B3C3}.Debug|x86.Build.0 = Debug|Any CPU
		{FEECD619-670E-4BCA-AB45-F32949D8B3C3}.Release|Any CPU.ActiveCfg = Release|Any CPU
		{FEECD619-670E-4BCA-AB45-F32949D8B3C3}.Release|Any CPU.Build.0 = Release|Any CPU
		{FEECD619-670E-4BCA-AB45-F32949D8B3C3}.Release|x64.ActiveCfg = Release|Any CPU
		{FEECD619-670E-4BCA-AB45-F32949D8B3C3}.Release|x64.Build.0 = Release|Any CPU
		{FEECD619-670E-4BCA-AB45-F32949D8B3C3}.Release|x86.ActiveCfg = Release|Any CPU
		{FEECD619-670E-4BCA-AB45-F32949D8B3C3}.Release|x86.Build.0 = Release|Any CPU
		{9944F742-2C04-4D10-92AC-6733D5028CC9}.Debug|Any CPU.ActiveCfg = Debug|Any CPU
		{9944F742-2C04-4D10-92AC-6733D5028CC9}.Debug|x64.ActiveCfg = Debug|Any CPU
		{9944F742-2C04-4D10-92AC-6733D5028CC9}.Debug|x86.ActiveCfg = Debug|Any CPU
		{9944F742-2C04-4D10-92AC-6733D5028CC9}.Debug|x86.Build.0 = Debug|Any CPU
		{9944F742-2C04-4D10-92AC-6733D5028CC9}.Release|Any CPU.ActiveCfg = Release|Any CPU
		{9944F742-2C04-4D10-92AC-6733D5028CC9}.Release|Any CPU.Build.0 = Release|Any CPU
		{9944F742-2C04-4D10-92AC-6733D5028CC9}.Release|x64.ActiveCfg = Release|Any CPU
		{9944F742-2C04-4D10-92AC-6733D5028CC9}.Release|x64.Build.0 = Release|Any CPU
		{9944F742-2C04-4D10-92AC-6733D5028CC9}.Release|x86.ActiveCfg = Release|Any CPU
		{9944F742-2C04-4D10-92AC-6733D5028CC9}.Release|x86.Build.0 = Release|Any CPU
		{1C874B5D-7269-4B8D-8711-CE26A35A4646}.Debug|Any CPU.ActiveCfg = Debug|Any CPU
		{1C874B5D-7269-4B8D-8711-CE26A35A4646}.Debug|Any CPU.Build.0 = Debug|Any CPU
		{1C874B5D-7269-4B8D-8711-CE26A35A4646}.Debug|x64.ActiveCfg = Debug|Any CPU
		{1C874B5D-7269-4B8D-8711-CE26A35A4646}.Debug|x64.Build.0 = Debug|Any CPU
		{1C874B5D-7269-4B8D-8711-CE26A35A4646}.Debug|x86.ActiveCfg = Debug|Any CPU
		{1C874B5D-7269-4B8D-8711-CE26A35A4646}.Debug|x86.Build.0 = Debug|Any CPU
		{1C874B5D-7269-4B8D-8711-CE26A35A4646}.Release|Any CPU.ActiveCfg = Release|Any CPU
		{1C874B5D-7269-4B8D-8711-CE26A35A4646}.Release|Any CPU.Build.0 = Release|Any CPU
		{1C874B5D-7269-4B8D-8711-CE26A35A4646}.Release|x64.ActiveCfg = Release|Any CPU
		{1C874B5D-7269-4B8D-8711-CE26A35A4646}.Release|x64.Build.0 = Release|Any CPU
		{1C874B5D-7269-4B8D-8711-CE26A35A4646}.Release|x86.ActiveCfg = Release|Any CPU
		{1C874B5D-7269-4B8D-8711-CE26A35A4646}.Release|x86.Build.0 = Release|Any CPU
		{DF944B63-B569-4871-AC55-5243B31C3F5D}.Debug|Any CPU.ActiveCfg = Debug|x64
		{DF944B63-B569-4871-AC55-5243B31C3F5D}.Debug|x64.ActiveCfg = Debug|x64
		{DF944B63-B569-4871-AC55-5243B31C3F5D}.Debug|x86.ActiveCfg = Debug|Win32
		{DF944B63-B569-4871-AC55-5243B31C3F5D}.Debug|x86.Build.0 = Debug|Win32
		{DF944B63-B569-4871-AC55-5243B31C3F5D}.Release|Any CPU.ActiveCfg = Release|Win32
		{DF944B63-B569-4871-AC55-5243B31C3F5D}.Release|x64.ActiveCfg = Release|x64
		{DF944B63-B569-4871-AC55-5243B31C3F5D}.Release|x64.Build.0 = Release|x64
		{DF944B63-B569-4871-AC55-5243B31C3F5D}.Release|x86.ActiveCfg = Release|Win32
		{DF944B63-B569-4871-AC55-5243B31C3F5D}.Release|x86.Build.0 = Release|Win32
		{4E1FAFEE-7531-49E2-B84E-1AF10946194E}.Debug|Any CPU.ActiveCfg = Debug|x64
		{4E1FAFEE-7531-49E2-B84E-1AF10946194E}.Debug|x64.ActiveCfg = Debug|x64
		{4E1FAFEE-7531-49E2-B84E-1AF10946194E}.Debug|x86.ActiveCfg = Debug|Win32
		{4E1FAFEE-7531-49E2-B84E-1AF10946194E}.Debug|x86.Build.0 = Debug|Win32
		{4E1FAFEE-7531-49E2-B84E-1AF10946194E}.Release|Any CPU.ActiveCfg = Release|Win32
		{4E1FAFEE-7531-49E2-B84E-1AF10946194E}.Release|x64.ActiveCfg = Release|x64
		{4E1FAFEE-7531-49E2-B84E-1AF10946194E}.Release|x64.Build.0 = Release|x64
		{4E1FAFEE-7531-49E2-B84E-1AF10946194E}.Release|x86.ActiveCfg = Release|Win32
		{4E1FAFEE-7531-49E2-B84E-1AF10946194E}.Release|x86.Build.0 = Release|Win32
		{62B9EE4F-1436-4098-9BC1-DD61B42D8B81}.Debug|Any CPU.ActiveCfg = Debug|Any CPU
		{62B9EE4F-1436-4098-9BC1-DD61B42D8B81}.Debug|x64.ActiveCfg = Debug|Any CPU
		{62B9EE4F-1436-4098-9BC1-DD61B42D8B81}.Debug|x86.ActiveCfg = Debug|Any CPU
		{62B9EE4F-1436-4098-9BC1-DD61B42D8B81}.Debug|x86.Build.0 = Debug|Any CPU
		{62B9EE4F-1436-4098-9BC1-DD61B42D8B81}.Release|Any CPU.ActiveCfg = Release|Any CPU
		{62B9EE4F-1436-4098-9BC1-DD61B42D8B81}.Release|Any CPU.Build.0 = Release|Any CPU
		{62B9EE4F-1436-4098-9BC1-DD61B42D8B81}.Release|x64.ActiveCfg = Release|Any CPU
		{62B9EE4F-1436-4098-9BC1-DD61B42D8B81}.Release|x64.Build.0 = Release|Any CPU
		{62B9EE4F-1436-4098-9BC1-DD61B42D8B81}.Release|x86.ActiveCfg = Release|Any CPU
		{62B9EE4F-1436-4098-9BC1-DD61B42D8B81}.Release|x86.Build.0 = Release|Any CPU
		{D2F17A91-EB2D-4373-90BF-A26E46C68F76}.Debug|Any CPU.ActiveCfg = Debug|Any CPU
		{D2F17A91-EB2D-4373-90BF-A26E46C68F76}.Debug|x64.ActiveCfg = Debug|Any CPU
		{D2F17A91-EB2D-4373-90BF-A26E46C68F76}.Debug|x86.ActiveCfg = Debug|Any CPU
		{D2F17A91-EB2D-4373-90BF-A26E46C68F76}.Debug|x86.Build.0 = Debug|Any CPU
		{D2F17A91-EB2D-4373-90BF-A26E46C68F76}.Release|Any CPU.ActiveCfg = Release|Any CPU
		{D2F17A91-EB2D-4373-90BF-A26E46C68F76}.Release|Any CPU.Build.0 = Release|Any CPU
		{D2F17A91-EB2D-4373-90BF-A26E46C68F76}.Release|x64.ActiveCfg = Release|Any CPU
		{D2F17A91-EB2D-4373-90BF-A26E46C68F76}.Release|x64.Build.0 = Release|Any CPU
		{D2F17A91-EB2D-4373-90BF-A26E46C68F76}.Release|x86.ActiveCfg = Release|Any CPU
		{D2F17A91-EB2D-4373-90BF-A26E46C68F76}.Release|x86.Build.0 = Release|Any CPU
		{A9DB9FCC-7502-42CD-81EC-3CD66F511346}.Debug|Any CPU.ActiveCfg = Debug|Any CPU
		{A9DB9FCC-7502-42CD-81EC-3CD66F511346}.Debug|Any CPU.Build.0 = Debug|Any CPU
		{A9DB9FCC-7502-42CD-81EC-3CD66F511346}.Debug|x64.ActiveCfg = Debug|Any CPU
		{A9DB9FCC-7502-42CD-81EC-3CD66F511346}.Debug|x64.Build.0 = Debug|Any CPU
		{A9DB9FCC-7502-42CD-81EC-3CD66F511346}.Debug|x86.ActiveCfg = Debug|Any CPU
		{A9DB9FCC-7502-42CD-81EC-3CD66F511346}.Debug|x86.Build.0 = Debug|Any CPU
		{A9DB9FCC-7502-42CD-81EC-3CD66F511346}.Release|Any CPU.ActiveCfg = Release|Any CPU
		{A9DB9FCC-7502-42CD-81EC-3CD66F511346}.Release|Any CPU.Build.0 = Release|Any CPU
		{A9DB9FCC-7502-42CD-81EC-3CD66F511346}.Release|x64.ActiveCfg = Release|Any CPU
		{A9DB9FCC-7502-42CD-81EC-3CD66F511346}.Release|x64.Build.0 = Release|Any CPU
		{A9DB9FCC-7502-42CD-81EC-3CD66F511346}.Release|x86.ActiveCfg = Release|Any CPU
		{A9DB9FCC-7502-42CD-81EC-3CD66F511346}.Release|x86.Build.0 = Release|Any CPU
		{4D8C2A88-1DA5-4ABE-8995-6606473D7CF1}.Debug|Any CPU.ActiveCfg = Debug|Any CPU
		{4D8C2A88-1DA5-4ABE-8995-6606473D7CF1}.Debug|Any CPU.Build.0 = Debug|Any CPU
		{4D8C2A88-1DA5-4ABE-8995-6606473D7CF1}.Debug|x64.ActiveCfg = Debug|Any CPU
		{4D8C2A88-1DA5-4ABE-8995-6606473D7CF1}.Debug|x64.Build.0 = Debug|Any CPU
		{4D8C2A88-1DA5-4ABE-8995-6606473D7CF1}.Debug|x86.ActiveCfg = Debug|Any CPU
		{4D8C2A88-1DA5-4ABE-8995-6606473D7CF1}.Debug|x86.Build.0 = Debug|Any CPU
		{4D8C2A88-1DA5-4ABE-8995-6606473D7CF1}.Release|Any CPU.ActiveCfg = Release|Any CPU
		{4D8C2A88-1DA5-4ABE-8995-6606473D7CF1}.Release|Any CPU.Build.0 = Release|Any CPU
		{4D8C2A88-1DA5-4ABE-8995-6606473D7CF1}.Release|x64.ActiveCfg = Release|Any CPU
		{4D8C2A88-1DA5-4ABE-8995-6606473D7CF1}.Release|x64.Build.0 = Release|Any CPU
		{4D8C2A88-1DA5-4ABE-8995-6606473D7CF1}.Release|x86.ActiveCfg = Release|Any CPU
		{4D8C2A88-1DA5-4ABE-8995-6606473D7CF1}.Release|x86.Build.0 = Release|Any CPU
		{CA6CC2EE-75FD-4F00-B687-917FA55A4FAE}.Debug|Any CPU.ActiveCfg = Debug|Any CPU
		{CA6CC2EE-75FD-4F00-B687-917FA55A4FAE}.Debug|Any CPU.Build.0 = Debug|Any CPU
		{CA6CC2EE-75FD-4F00-B687-917FA55A4FAE}.Debug|x64.ActiveCfg = Debug|Any CPU
		{CA6CC2EE-75FD-4F00-B687-917FA55A4FAE}.Debug|x64.Build.0 = Debug|Any CPU
		{CA6CC2EE-75FD-4F00-B687-917FA55A4FAE}.Debug|x86.ActiveCfg = Debug|Any CPU
		{CA6CC2EE-75FD-4F00-B687-917FA55A4FAE}.Debug|x86.Build.0 = Debug|Any CPU
		{CA6CC2EE-75FD-4F00-B687-917FA55A4FAE}.Release|Any CPU.ActiveCfg = Release|Any CPU
		{CA6CC2EE-75FD-4F00-B687-917FA55A4FAE}.Release|Any CPU.Build.0 = Release|Any CPU
		{CA6CC2EE-75FD-4F00-B687-917FA55A4FAE}.Release|x64.ActiveCfg = Release|Any CPU
		{CA6CC2EE-75FD-4F00-B687-917FA55A4FAE}.Release|x64.Build.0 = Release|Any CPU
		{CA6CC2EE-75FD-4F00-B687-917FA55A4FAE}.Release|x86.ActiveCfg = Release|Any CPU
		{CA6CC2EE-75FD-4F00-B687-917FA55A4FAE}.Release|x86.Build.0 = Release|Any CPU
		{A1167B68-446B-4C0C-A8B8-2A7278B67511}.Debug|Any CPU.ActiveCfg = Debug|Any CPU
		{A1167B68-446B-4C0C-A8B8-2A7278B67511}.Debug|Any CPU.Build.0 = Debug|Any CPU
		{A1167B68-446B-4C0C-A8B8-2A7278B67511}.Debug|x64.ActiveCfg = Debug|Any CPU
		{A1167B68-446B-4C0C-A8B8-2A7278B67511}.Debug|x64.Build.0 = Debug|Any CPU
		{A1167B68-446B-4C0C-A8B8-2A7278B67511}.Debug|x86.ActiveCfg = Debug|Any CPU
		{A1167B68-446B-4C0C-A8B8-2A7278B67511}.Debug|x86.Build.0 = Debug|Any CPU
		{A1167B68-446B-4C0C-A8B8-2A7278B67511}.Release|Any CPU.ActiveCfg = Release|Any CPU
		{A1167B68-446B-4C0C-A8B8-2A7278B67511}.Release|Any CPU.Build.0 = Release|Any CPU
		{A1167B68-446B-4C0C-A8B8-2A7278B67511}.Release|x64.ActiveCfg = Release|Any CPU
		{A1167B68-446B-4C0C-A8B8-2A7278B67511}.Release|x64.Build.0 = Release|Any CPU
		{A1167B68-446B-4C0C-A8B8-2A7278B67511}.Release|x86.ActiveCfg = Release|Any CPU
		{A1167B68-446B-4C0C-A8B8-2A7278B67511}.Release|x86.Build.0 = Release|Any CPU
	EndGlobalSection
	GlobalSection(SolutionProperties) = preSolution
		HideSolutionNode = FALSE
	EndGlobalSection
	GlobalSection(NestedProjects) = preSolution
		{DF944B63-B569-4871-AC55-5243B31C3F5D} = {BC79BDE6-64C8-43F5-855B-F1D120FBFA84}
		{4E1FAFEE-7531-49E2-B84E-1AF10946194E} = {BC79BDE6-64C8-43F5-855B-F1D120FBFA84}
		{62B9EE4F-1436-4098-9BC1-DD61B42D8B81} = {BC79BDE6-64C8-43F5-855B-F1D120FBFA84}
		{D2F17A91-EB2D-4373-90BF-A26E46C68F76} = {BC79BDE6-64C8-43F5-855B-F1D120FBFA84}
		{A1930A95-E6A2-44ED-A4EF-4769D8001C9D} = {6CE68D0A-2F0E-4F8E-8AE7-AC447281F973}
		{23227B56-10D2-4AE7-AB83-DE3C2AC0B223} = {6CE68D0A-2F0E-4F8E-8AE7-AC447281F973}
		{A9DB9FCC-7502-42CD-81EC-3CD66F511346} = {23227B56-10D2-4AE7-AB83-DE3C2AC0B223}
		{4D8C2A88-1DA5-4ABE-8995-6606473D7CF1} = {6CE68D0A-2F0E-4F8E-8AE7-AC447281F973}
		{CA6CC2EE-75FD-4F00-B687-917FA55A4FAE} = {23227B56-10D2-4AE7-AB83-DE3C2AC0B223}
		{A1167B68-446B-4C0C-A8B8-2A7278B67511} = {23227B56-10D2-4AE7-AB83-DE3C2AC0B223}
	EndGlobalSection
	GlobalSection(ExtensibilityGlobals) = postSolution
		SolutionGuid = {C8541C2A-D9D1-4CEA-B560-05DFA8606392}
	EndGlobalSection
EndGlobal
